
Microsoft Visual Studio Solution File, Format Version 12.00
# Visual Studio Version 17
VisualStudioVersion = 17.1.32407.343
MinimumVisualStudioVersion = 10.0.40219.1
Project("{FAE04EC0-301F-11D3-BF4B-00C04F79EFBC}") = "AwaitAsync", "..\AwaitAsync\AwaitAsync\AwaitAsync.csproj", "{4250FA3C-CD53-4FD1-8027-3442FABE8786}"
EndProject
Global
	GlobalSection(SolutionConfigurationPlatforms) = preSolution
		Debug|Any CPU = Debug|Any CPU
		Release|Any CPU = Release|Any CPU
	EndGlobalSection
	GlobalSection(ProjectConfigurationPlatforms) = postSolution
		{4250FA3C-CD53-4FD1-8027-3442FABE8786}.Debug|Any CPU.ActiveCfg = Debug|Any CPU
		{4250FA3C-CD53-4FD1-8027-3442FABE8786}.Debug|Any CPU.Build.0 = Debug|Any CPU
		{4250FA3C-CD53-4FD1-8027-3442FABE8786}.Release|Any CPU.ActiveCfg = Release|Any CPU
		{4250FA3C-CD53-4FD1-8027-3442FABE8786}.Release|Any CPU.Build.0 = Release|Any CPU
	EndGlobalSection
	GlobalSection(SolutionProperties) = preSolution
		HideSolutionNode = FALSE
	EndGlobalSection
	GlobalSection(ExtensibilityGlobals) = postSolution
		SolutionGuid = {5013520F-CC6F-407B-AE16-2772F547BF24}
	EndGlobalSection
EndGlobal
